// !$*UTF8*$!
{
	archiveVersion = 1;
	classes = {
	};
	objectVersion = 55;
	objects = {

/* Begin PBXBuildFile section */
		831C437B2797562C00C91E58 /* RepCell.xib in Resources */ = {isa = PBXBuildFile; fileRef = 831C437A2797562C00C91E58 /* RepCell.xib */; };
		831C437D2797564800C91E58 /* RepCell.swift in Sources */ = {isa = PBXBuildFile; fileRef = 831C437C2797564800C91E58 /* RepCell.swift */; };
		832FAEEA27908B12003E39EB /* ProfileViewController.swift in Sources */ = {isa = PBXBuildFile; fileRef = 832FAEE927908B11003E39EB /* ProfileViewController.swift */; };
		83339B1D278FC0AB00F4D385 /* LoginViewController.swift in Sources */ = {isa = PBXBuildFile; fileRef = 83339B1C278FC0AB00F4D385 /* LoginViewController.swift */; };
		83339B1F278FC17500F4D385 /* RegisterViewController.swift in Sources */ = {isa = PBXBuildFile; fileRef = 83339B1E278FC17500F4D385 /* RegisterViewController.swift */; };
		83579DE427951B71008666C2 /* VoterInfoViewController.swift in Sources */ = {isa = PBXBuildFile; fileRef = 83579DE327951B71008666C2 /* VoterInfoViewController.swift */; };
		83579DE62795ACDF008666C2 /* VoterInfoManager.swift in Sources */ = {isa = PBXBuildFile; fileRef = 83579DE52795ACDF008666C2 /* VoterInfoManager.swift */; };
		83A2FD32279246D2002E3F0B /* GoogleService-Info.plist in Resources */ = {isa = PBXBuildFile; fileRef = 83A2FD31279246D2002E3F0B /* GoogleService-Info.plist */; };
		83A2FD3427931ACC002E3F0B /* RepsData.swift in Sources */ = {isa = PBXBuildFile; fileRef = 83A2FD3327931ACC002E3F0B /* RepsData.swift */; };
		83ACCE722798DA11002F6EE5 /* RepInfoViewController.swift in Sources */ = {isa = PBXBuildFile; fileRef = 83ACCE712798DA11002F6EE5 /* RepInfoViewController.swift */; };
		83ACCE742799056C002F6EE5 /* ElectionDetailManager.swift in Sources */ = {isa = PBXBuildFile; fileRef = 83ACCE732799056C002F6EE5 /* ElectionDetailManager.swift */; };
		83ACCE7627990785002F6EE5 /* ElectionDetailViewController.swift in Sources */ = {isa = PBXBuildFile; fileRef = 83ACCE7527990785002F6EE5 /* ElectionDetailViewController.swift */; };
		83B7FC74278F72CF002CE83E /* AppDelegate.swift in Sources */ = {isa = PBXBuildFile; fileRef = 83B7FC73278F72CF002CE83E /* AppDelegate.swift */; };
		83B7FC76278F72CF002CE83E /* SceneDelegate.swift in Sources */ = {isa = PBXBuildFile; fileRef = 83B7FC75278F72CF002CE83E /* SceneDelegate.swift */; };
		83B7FC78278F72CF002CE83E /* ViewController.swift in Sources */ = {isa = PBXBuildFile; fileRef = 83B7FC77278F72CF002CE83E /* ViewController.swift */; };
		83B7FC7B278F72CF002CE83E /* Main.storyboard in Resources */ = {isa = PBXBuildFile; fileRef = 83B7FC79278F72CF002CE83E /* Main.storyboard */; };
		83B7FC7D278F72D0002CE83E /* Assets.xcassets in Resources */ = {isa = PBXBuildFile; fileRef = 83B7FC7C278F72D0002CE83E /* Assets.xcassets */; };
		83B7FC80278F72D0002CE83E /* LaunchScreen.storyboard in Resources */ = {isa = PBXBuildFile; fileRef = 83B7FC7E278F72D0002CE83E /* LaunchScreen.storyboard */; };
		83B7FC8B278F72D1002CE83E /* CivicTests.swift in Sources */ = {isa = PBXBuildFile; fileRef = 83B7FC8A278F72D1002CE83E /* CivicTests.swift */; };
		83B7FC95278F72D1002CE83E /* CivicUITests.swift in Sources */ = {isa = PBXBuildFile; fileRef = 83B7FC94278F72D1002CE83E /* CivicUITests.swift */; };
		83B7FC97278F72D1002CE83E /* CivicUITestsLaunchTests.swift in Sources */ = {isa = PBXBuildFile; fileRef = 83B7FC96278F72D1002CE83E /* CivicUITestsLaunchTests.swift */; };
		83B7FCA9278FA559002CE83E /* ElectionManager.swift in Sources */ = {isa = PBXBuildFile; fileRef = 83B7FCA8278FA559002CE83E /* ElectionManager.swift */; };
		83B7FCAB278FA574002CE83E /* RepsManager.swift in Sources */ = {isa = PBXBuildFile; fileRef = 83B7FCAA278FA574002CE83E /* RepsManager.swift */; };
		83B7FCAD278FA63B002CE83E /* Constants.swift in Sources */ = {isa = PBXBuildFile; fileRef = 83B7FCAC278FA63B002CE83E /* Constants.swift */; };
		83B8D1832791D2AB00EE99E0 /* AddressData.swift in Sources */ = {isa = PBXBuildFile; fileRef = 83B8D1822791D2AB00EE99E0 /* AddressData.swift */; };
		83B8D1842791D2AB00EE99E0 /* AddressData.swift in Sources */ = {isa = PBXBuildFile; fileRef = 83B8D1822791D2AB00EE99E0 /* AddressData.swift */; };
		83B8D1852791D2AB00EE99E0 /* AddressData.swift in Sources */ = {isa = PBXBuildFile; fileRef = 83B8D1822791D2AB00EE99E0 /* AddressData.swift */; };
		83B8D1872791E0EE00EE99E0 /* test.json in Resources */ = {isa = PBXBuildFile; fileRef = 83B8D1862791E0EE00EE99E0 /* test.json */; };
		83B8D1882791E0EE00EE99E0 /* test.json in Resources */ = {isa = PBXBuildFile; fileRef = 83B8D1862791E0EE00EE99E0 /* test.json */; };
		83B8D1892791E0EE00EE99E0 /* test.json in Resources */ = {isa = PBXBuildFile; fileRef = 83B8D1862791E0EE00EE99E0 /* test.json */; };
		9ABACB5DA97E22C12C0DCEE5 /* Pods_Civic.framework in Frameworks */ = {isa = PBXBuildFile; fileRef = AA39D2885B6095CB2D4D1C1B /* Pods_Civic.framework */; };
/* End PBXBuildFile section */

/* Begin PBXContainerItemProxy section */
		83B7FC87278F72D1002CE83E /* PBXContainerItemProxy */ = {
			isa = PBXContainerItemProxy;
			containerPortal = 83B7FC68278F72CF002CE83E /* Project object */;
			proxyType = 1;
			remoteGlobalIDString = 83B7FC6F278F72CF002CE83E;
			remoteInfo = Civic;
		};
		83B7FC91278F72D1002CE83E /* PBXContainerItemProxy */ = {
			isa = PBXContainerItemProxy;
			containerPortal = 83B7FC68278F72CF002CE83E /* Project object */;
			proxyType = 1;
			remoteGlobalIDString = 83B7FC6F278F72CF002CE83E;
			remoteInfo = Civic;
		};
/* End PBXContainerItemProxy section */

/* Begin PBXFileReference section */
		063E95E8DEF524856DC19368 /* Pods-Civic.release.xcconfig */ = {isa = PBXFileReference; includeInIndex = 1; lastKnownFileType = text.xcconfig; name = "Pods-Civic.release.xcconfig"; path = "Target Support Files/Pods-Civic/Pods-Civic.release.xcconfig"; sourceTree = "<group>"; };
		831C437A2797562C00C91E58 /* RepCell.xib */ = {isa = PBXFileReference; lastKnownFileType = file.xib; path = RepCell.xib; sourceTree = "<group>"; };
		831C437C2797564800C91E58 /* RepCell.swift */ = {isa = PBXFileReference; lastKnownFileType = sourcecode.swift; path = RepCell.swift; sourceTree = "<group>"; };
		832FAEE927908B11003E39EB /* ProfileViewController.swift */ = {isa = PBXFileReference; lastKnownFileType = sourcecode.swift; path = ProfileViewController.swift; sourceTree = "<group>"; };
		83339B1C278FC0AB00F4D385 /* LoginViewController.swift */ = {isa = PBXFileReference; lastKnownFileType = sourcecode.swift; path = LoginViewController.swift; sourceTree = "<group>"; };
		83339B1E278FC17500F4D385 /* RegisterViewController.swift */ = {isa = PBXFileReference; lastKnownFileType = sourcecode.swift; path = RegisterViewController.swift; sourceTree = "<group>"; };
		83579DE327951B71008666C2 /* VoterInfoViewController.swift */ = {isa = PBXFileReference; lastKnownFileType = sourcecode.swift; path = VoterInfoViewController.swift; sourceTree = "<group>"; };
		83579DE52795ACDF008666C2 /* VoterInfoManager.swift */ = {isa = PBXFileReference; lastKnownFileType = sourcecode.swift; path = VoterInfoManager.swift; sourceTree = "<group>"; };
		83A2FD31279246D2002E3F0B /* GoogleService-Info.plist */ = {isa = PBXFileReference; fileEncoding = 4; lastKnownFileType = text.plist.xml; path = "GoogleService-Info.plist"; sourceTree = "<group>"; };
		83A2FD3327931ACC002E3F0B /* RepsData.swift */ = {isa = PBXFileReference; lastKnownFileType = sourcecode.swift; path = RepsData.swift; sourceTree = "<group>"; };
		83ACCE712798DA11002F6EE5 /* RepInfoViewController.swift */ = {isa = PBXFileReference; lastKnownFileType = sourcecode.swift; path = RepInfoViewController.swift; sourceTree = "<group>"; };
		83ACCE732799056C002F6EE5 /* ElectionDetailManager.swift */ = {isa = PBXFileReference; lastKnownFileType = sourcecode.swift; path = ElectionDetailManager.swift; sourceTree = "<group>"; };
		83ACCE7527990785002F6EE5 /* ElectionDetailViewController.swift */ = {isa = PBXFileReference; lastKnownFileType = sourcecode.swift; path = ElectionDetailViewController.swift; sourceTree = "<group>"; };
		83B7FC70278F72CF002CE83E /* Civic.app */ = {isa = PBXFileReference; explicitFileType = wrapper.application; includeInIndex = 0; path = Civic.app; sourceTree = BUILT_PRODUCTS_DIR; };
		83B7FC73278F72CF002CE83E /* AppDelegate.swift */ = {isa = PBXFileReference; lastKnownFileType = sourcecode.swift; path = AppDelegate.swift; sourceTree = "<group>"; };
		83B7FC75278F72CF002CE83E /* SceneDelegate.swift */ = {isa = PBXFileReference; lastKnownFileType = sourcecode.swift; path = SceneDelegate.swift; sourceTree = "<group>"; };
		83B7FC77278F72CF002CE83E /* ViewController.swift */ = {isa = PBXFileReference; lastKnownFileType = sourcecode.swift; path = ViewController.swift; sourceTree = "<group>"; };
		83B7FC7A278F72CF002CE83E /* Base */ = {isa = PBXFileReference; lastKnownFileType = file.storyboard; name = Base; path = Base.lproj/Main.storyboard; sourceTree = "<group>"; };
		83B7FC7C278F72D0002CE83E /* Assets.xcassets */ = {isa = PBXFileReference; lastKnownFileType = folder.assetcatalog; path = Assets.xcassets; sourceTree = "<group>"; };
		83B7FC7F278F72D0002CE83E /* Base */ = {isa = PBXFileReference; lastKnownFileType = file.storyboard; name = Base; path = Base.lproj/LaunchScreen.storyboard; sourceTree = "<group>"; };
		83B7FC81278F72D0002CE83E /* Info.plist */ = {isa = PBXFileReference; lastKnownFileType = text.plist.xml; path = Info.plist; sourceTree = "<group>"; };
		83B7FC86278F72D1002CE83E /* CivicTests.xctest */ = {isa = PBXFileReference; explicitFileType = wrapper.cfbundle; includeInIndex = 0; path = CivicTests.xctest; sourceTree = BUILT_PRODUCTS_DIR; };
		83B7FC8A278F72D1002CE83E /* CivicTests.swift */ = {isa = PBXFileReference; lastKnownFileType = sourcecode.swift; path = CivicTests.swift; sourceTree = "<group>"; };
		83B7FC90278F72D1002CE83E /* CivicUITests.xctest */ = {isa = PBXFileReference; explicitFileType = wrapper.cfbundle; includeInIndex = 0; path = CivicUITests.xctest; sourceTree = BUILT_PRODUCTS_DIR; };
		83B7FC94278F72D1002CE83E /* CivicUITests.swift */ = {isa = PBXFileReference; lastKnownFileType = sourcecode.swift; path = CivicUITests.swift; sourceTree = "<group>"; };
		83B7FC96278F72D1002CE83E /* CivicUITestsLaunchTests.swift */ = {isa = PBXFileReference; lastKnownFileType = sourcecode.swift; path = CivicUITestsLaunchTests.swift; sourceTree = "<group>"; };
		83B7FCA4278FA1D1002CE83E /* Config.xcconfig */ = {isa = PBXFileReference; lastKnownFileType = text.xcconfig; path = Config.xcconfig; sourceTree = "<group>"; };
		83B7FCA8278FA559002CE83E /* ElectionManager.swift */ = {isa = PBXFileReference; lastKnownFileType = sourcecode.swift; path = ElectionManager.swift; sourceTree = "<group>"; };
		83B7FCAA278FA574002CE83E /* RepsManager.swift */ = {isa = PBXFileReference; lastKnownFileType = sourcecode.swift; path = RepsManager.swift; sourceTree = "<group>"; };
		83B7FCAC278FA63B002CE83E /* Constants.swift */ = {isa = PBXFileReference; lastKnownFileType = sourcecode.swift; path = Constants.swift; sourceTree = "<group>"; };
		83B8D1822791D2AB00EE99E0 /* AddressData.swift */ = {isa = PBXFileReference; lastKnownFileType = sourcecode.swift; path = AddressData.swift; sourceTree = "<group>"; };
		83B8D1862791E0EE00EE99E0 /* test.json */ = {isa = PBXFileReference; lastKnownFileType = text.json; path = test.json; sourceTree = "<group>"; };
		AA39D2885B6095CB2D4D1C1B /* Pods_Civic.framework */ = {isa = PBXFileReference; explicitFileType = wrapper.framework; includeInIndex = 0; path = Pods_Civic.framework; sourceTree = BUILT_PRODUCTS_DIR; };
		E48E18F60AF3323B68E652F1 /* Pods-Civic.debug.xcconfig */ = {isa = PBXFileReference; includeInIndex = 1; lastKnownFileType = text.xcconfig; name = "Pods-Civic.debug.xcconfig"; path = "Target Support Files/Pods-Civic/Pods-Civic.debug.xcconfig"; sourceTree = "<group>"; };
/* End PBXFileReference section */

/* Begin PBXFrameworksBuildPhase section */
		83B7FC6D278F72CF002CE83E /* Frameworks */ = {
			isa = PBXFrameworksBuildPhase;
			buildActionMask = 2147483647;
			files = (
				9ABACB5DA97E22C12C0DCEE5 /* Pods_Civic.framework in Frameworks */,
			);
			runOnlyForDeploymentPostprocessing = 0;
		};
		83B7FC83278F72D1002CE83E /* Frameworks */ = {
			isa = PBXFrameworksBuildPhase;
			buildActionMask = 2147483647;
			files = (
			);
			runOnlyForDeploymentPostprocessing = 0;
		};
		83B7FC8D278F72D1002CE83E /* Frameworks */ = {
			isa = PBXFrameworksBuildPhase;
			buildActionMask = 2147483647;
			files = (
			);
			runOnlyForDeploymentPostprocessing = 0;
		};
/* End PBXFrameworksBuildPhase section */

/* Begin PBXGroup section */
		4386F6C61C7EE14C5C9A5FDE /* Pods */ = {
			isa = PBXGroup;
			children = (
				E48E18F60AF3323B68E652F1 /* Pods-Civic.debug.xcconfig */,
				063E95E8DEF524856DC19368 /* Pods-Civic.release.xcconfig */,
			);
			path = Pods;
			sourceTree = "<group>";
		};
		83B7FC67278F72CF002CE83E = {
			isa = PBXGroup;
			children = (
				83B7FCA4278FA1D1002CE83E /* Config.xcconfig */,
				83B7FC72278F72CF002CE83E /* Civic */,
				83B7FC89278F72D1002CE83E /* CivicTests */,
				83B7FC93278F72D1002CE83E /* CivicUITests */,
				83B7FC71278F72CF002CE83E /* Products */,
				4386F6C61C7EE14C5C9A5FDE /* Pods */,
				E2720D0F5CC01969B7DC302B /* Frameworks */,
			);
			sourceTree = "<group>";
		};
		83B7FC71278F72CF002CE83E /* Products */ = {
			isa = PBXGroup;
			children = (
				83B7FC70278F72CF002CE83E /* Civic.app */,
				83B7FC86278F72D1002CE83E /* CivicTests.xctest */,
				83B7FC90278F72D1002CE83E /* CivicUITests.xctest */,
			);
			name = Products;
			sourceTree = "<group>";
		};
		83B7FC72278F72CF002CE83E /* Civic */ = {
			isa = PBXGroup;
			children = (
				83B7FC73278F72CF002CE83E /* AppDelegate.swift */,
				83B7FC75278F72CF002CE83E /* SceneDelegate.swift */,
				83B7FCA6278FA4FD002CE83E /* Views */,
				83B7FCA5278FA4F7002CE83E /* Models */,
				83B7FCA7278FA50A002CE83E /* Controllers */,
				83B7FC7C278F72D0002CE83E /* Assets.xcassets */,
				83B7FCAC278FA63B002CE83E /* Constants.swift */,
				83B7FC81278F72D0002CE83E /* Info.plist */,
				83A2FD31279246D2002E3F0B /* GoogleService-Info.plist */,
				83B8D1862791E0EE00EE99E0 /* test.json */,
			);
			path = Civic;
			sourceTree = "<group>";
		};
		83B7FC89278F72D1002CE83E /* CivicTests */ = {
			isa = PBXGroup;
			children = (
				83B7FC8A278F72D1002CE83E /* CivicTests.swift */,
			);
			path = CivicTests;
			sourceTree = "<group>";
		};
		83B7FC93278F72D1002CE83E /* CivicUITests */ = {
			isa = PBXGroup;
			children = (
				83B7FC94278F72D1002CE83E /* CivicUITests.swift */,
				83B7FC96278F72D1002CE83E /* CivicUITestsLaunchTests.swift */,
			);
			path = CivicUITests;
			sourceTree = "<group>";
		};
		83B7FCA5278FA4F7002CE83E /* Models */ = {
			isa = PBXGroup;
			children = (
				83B7FCA8278FA559002CE83E /* ElectionManager.swift */,
				83B7FCAA278FA574002CE83E /* RepsManager.swift */,
				83A2FD3327931ACC002E3F0B /* RepsData.swift */,
				83B8D1822791D2AB00EE99E0 /* AddressData.swift */,
				83579DE52795ACDF008666C2 /* VoterInfoManager.swift */,
				83ACCE732799056C002F6EE5 /* ElectionDetailManager.swift */,
			);
			path = Models;
			sourceTree = "<group>";
		};
		83B7FCA6278FA4FD002CE83E /* Views */ = {
			isa = PBXGroup;
			children = (
				83B7FC79278F72CF002CE83E /* Main.storyboard */,
				83B7FC7E278F72D0002CE83E /* LaunchScreen.storyboard */,
				831C437A2797562C00C91E58 /* RepCell.xib */,
				831C437C2797564800C91E58 /* RepCell.swift */,
			);
			path = Views;
			sourceTree = "<group>";
		};
		83B7FCA7278FA50A002CE83E /* Controllers */ = {
			isa = PBXGroup;
			children = (
				83B7FC77278F72CF002CE83E /* ViewController.swift */,
				83339B1C278FC0AB00F4D385 /* LoginViewController.swift */,
				83339B1E278FC17500F4D385 /* RegisterViewController.swift */,
				83ACCE712798DA11002F6EE5 /* RepInfoViewController.swift */,
				832FAEE927908B11003E39EB /* ProfileViewController.swift */,
				83579DE327951B71008666C2 /* VoterInfoViewController.swift */,
				83ACCE7527990785002F6EE5 /* ElectionDetailViewController.swift */,
			);
			path = Controllers;
			sourceTree = "<group>";
		};
		E2720D0F5CC01969B7DC302B /* Frameworks */ = {
			isa = PBXGroup;
			children = (
				AA39D2885B6095CB2D4D1C1B /* Pods_Civic.framework */,
			);
			name = Frameworks;
			sourceTree = "<group>";
		};
/* End PBXGroup section */

/* Begin PBXNativeTarget section */
		83B7FC6F278F72CF002CE83E /* Civic */ = {
			isa = PBXNativeTarget;
			buildConfigurationList = 83B7FC9A278F72D1002CE83E /* Build configuration list for PBXNativeTarget "Civic" */;
			buildPhases = (
				8A30CEF6109F7766E4C9E811 /* [CP] Check Pods Manifest.lock */,
				83B7FC6C278F72CF002CE83E /* Sources */,
				83B7FC6D278F72CF002CE83E /* Frameworks */,
				83B7FC6E278F72CF002CE83E /* Resources */,
				5060A33BEADA5A065D75EFE0 /* [CP] Embed Pods Frameworks */,
			);
			buildRules = (
			);
			dependencies = (
			);
			name = Civic;
			packageProductDependencies = (
			);
			productName = Civic;
			productReference = 83B7FC70278F72CF002CE83E /* Civic.app */;
			productType = "com.apple.product-type.application";
		};
		83B7FC85278F72D1002CE83E /* CivicTests */ = {
			isa = PBXNativeTarget;
			buildConfigurationList = 83B7FC9D278F72D1002CE83E /* Build configuration list for PBXNativeTarget "CivicTests" */;
			buildPhases = (
				83B7FC82278F72D1002CE83E /* Sources */,
				83B7FC83278F72D1002CE83E /* Frameworks */,
				83B7FC84278F72D1002CE83E /* Resources */,
			);
			buildRules = (
			);
			dependencies = (
				83B7FC88278F72D1002CE83E /* PBXTargetDependency */,
			);
			name = CivicTests;
			productName = CivicTests;
			productReference = 83B7FC86278F72D1002CE83E /* CivicTests.xctest */;
			productType = "com.apple.product-type.bundle.unit-test";
		};
		83B7FC8F278F72D1002CE83E /* CivicUITests */ = {
			isa = PBXNativeTarget;
			buildConfigurationList = 83B7FCA0278F72D1002CE83E /* Build configuration list for PBXNativeTarget "CivicUITests" */;
			buildPhases = (
				83B7FC8C278F72D1002CE83E /* Sources */,
				83B7FC8D278F72D1002CE83E /* Frameworks */,
				83B7FC8E278F72D1002CE83E /* Resources */,
			);
			buildRules = (
			);
			dependencies = (
				83B7FC92278F72D1002CE83E /* PBXTargetDependency */,
			);
			name = CivicUITests;
			productName = CivicUITests;
			productReference = 83B7FC90278F72D1002CE83E /* CivicUITests.xctest */;
			productType = "com.apple.product-type.bundle.ui-testing";
		};
/* End PBXNativeTarget section */

/* Begin PBXProject section */
		83B7FC68278F72CF002CE83E /* Project object */ = {
			isa = PBXProject;
			attributes = {
				BuildIndependentTargetsInParallel = 1;
				LastSwiftUpdateCheck = 1320;
				LastUpgradeCheck = 1320;
				TargetAttributes = {
					83B7FC6F278F72CF002CE83E = {
						CreatedOnToolsVersion = 13.2.1;
					};
					83B7FC85278F72D1002CE83E = {
						CreatedOnToolsVersion = 13.2.1;
						TestTargetID = 83B7FC6F278F72CF002CE83E;
					};
					83B7FC8F278F72D1002CE83E = {
						CreatedOnToolsVersion = 13.2.1;
						TestTargetID = 83B7FC6F278F72CF002CE83E;
					};
				};
			};
			buildConfigurationList = 83B7FC6B278F72CF002CE83E /* Build configuration list for PBXProject "Civic" */;
			compatibilityVersion = "Xcode 13.0";
			developmentRegion = en;
			hasScannedForEncodings = 0;
			knownRegions = (
				en,
				Base,
			);
			mainGroup = 83B7FC67278F72CF002CE83E;
			packageReferences = (
			);
			productRefGroup = 83B7FC71278F72CF002CE83E /* Products */;
			projectDirPath = "";
			projectRoot = "";
			targets = (
				83B7FC6F278F72CF002CE83E /* Civic */,
				83B7FC85278F72D1002CE83E /* CivicTests */,
				83B7FC8F278F72D1002CE83E /* CivicUITests */,
			);
		};
/* End PBXProject section */

/* Begin PBXResourcesBuildPhase section */
		83B7FC6E278F72CF002CE83E /* Resources */ = {
			isa = PBXResourcesBuildPhase;
			buildActionMask = 2147483647;
			files = (
				83B7FC80278F72D0002CE83E /* LaunchScreen.storyboard in Resources */,
				83B8D1872791E0EE00EE99E0 /* test.json in Resources */,
				83B7FC7D278F72D0002CE83E /* Assets.xcassets in Resources */,
				831C437B2797562C00C91E58 /* RepCell.xib in Resources */,
				83A2FD32279246D2002E3F0B /* GoogleService-Info.plist in Resources */,
				83B7FC7B278F72CF002CE83E /* Main.storyboard in Resources */,
			);
			runOnlyForDeploymentPostprocessing = 0;
		};
		83B7FC84278F72D1002CE83E /* Resources */ = {
			isa = PBXResourcesBuildPhase;
			buildActionMask = 2147483647;
			files = (
				83B8D1882791E0EE00EE99E0 /* test.json in Resources */,
			);
			runOnlyForDeploymentPostprocessing = 0;
		};
		83B7FC8E278F72D1002CE83E /* Resources */ = {
			isa = PBXResourcesBuildPhase;
			buildActionMask = 2147483647;
			files = (
				83B8D1892791E0EE00EE99E0 /* test.json in Resources */,
			);
			runOnlyForDeploymentPostprocessing = 0;
		};
/* End PBXResourcesBuildPhase section */

/* Begin PBXShellScriptBuildPhase section */
		5060A33BEADA5A065D75EFE0 /* [CP] Embed Pods Frameworks */ = {
			isa = PBXShellScriptBuildPhase;
			buildActionMask = 2147483647;
			files = (
			);
			inputFileListPaths = (
				"${PODS_ROOT}/Target Support Files/Pods-Civic/Pods-Civic-frameworks-${CONFIGURATION}-input-files.xcfilelist",
			);
			name = "[CP] Embed Pods Frameworks";
			outputFileListPaths = (
				"${PODS_ROOT}/Target Support Files/Pods-Civic/Pods-Civic-frameworks-${CONFIGURATION}-output-files.xcfilelist",
			);
			runOnlyForDeploymentPostprocessing = 0;
			shellPath = /bin/sh;
			shellScript = "\"${PODS_ROOT}/Target Support Files/Pods-Civic/Pods-Civic-frameworks.sh\"\n";
			showEnvVarsInLog = 0;
		};
		8A30CEF6109F7766E4C9E811 /* [CP] Check Pods Manifest.lock */ = {
			isa = PBXShellScriptBuildPhase;
			buildActionMask = 2147483647;
			files = (
			);
			inputFileListPaths = (
			);
			inputPaths = (
				"${PODS_PODFILE_DIR_PATH}/Podfile.lock",
				"${PODS_ROOT}/Manifest.lock",
			);
			name = "[CP] Check Pods Manifest.lock";
			outputFileListPaths = (
			);
			outputPaths = (
				"$(DERIVED_FILE_DIR)/Pods-Civic-checkManifestLockResult.txt",
			);
			runOnlyForDeploymentPostprocessing = 0;
			shellPath = /bin/sh;
			shellScript = "diff \"${PODS_PODFILE_DIR_PATH}/Podfile.lock\" \"${PODS_ROOT}/Manifest.lock\" > /dev/null\nif [ $? != 0 ] ; then\n    # print error to STDERR\n    echo \"error: The sandbox is not in sync with the Podfile.lock. Run 'pod install' or update your CocoaPods installation.\" >&2\n    exit 1\nfi\n# This output is used by Xcode 'outputs' to avoid re-running this script phase.\necho \"SUCCESS\" > \"${SCRIPT_OUTPUT_FILE_0}\"\n";
			showEnvVarsInLog = 0;
		};
/* End PBXShellScriptBuildPhase section */

/* Begin PBXSourcesBuildPhase section */
		83B7FC6C278F72CF002CE83E /* Sources */ = {
			isa = PBXSourcesBuildPhase;
			buildActionMask = 2147483647;
			files = (
				83ACCE7627990785002F6EE5 /* ElectionDetailViewController.swift in Sources */,
				83B8D1832791D2AB00EE99E0 /* AddressData.swift in Sources */,
				83ACCE722798DA11002F6EE5 /* RepInfoViewController.swift in Sources */,
				83339B1D278FC0AB00F4D385 /* LoginViewController.swift in Sources */,
				83B7FC78278F72CF002CE83E /* ViewController.swift in Sources */,
				831C437D2797564800C91E58 /* RepCell.swift in Sources */,
				83579DE62795ACDF008666C2 /* VoterInfoManager.swift in Sources */,
				83B7FC74278F72CF002CE83E /* AppDelegate.swift in Sources */,
				83ACCE742799056C002F6EE5 /* ElectionDetailManager.swift in Sources */,
				83339B1F278FC17500F4D385 /* RegisterViewController.swift in Sources */,
				83B7FCAB278FA574002CE83E /* RepsManager.swift in Sources */,
				83B7FCA9278FA559002CE83E /* ElectionManager.swift in Sources */,
				832FAEEA27908B12003E39EB /* ProfileViewController.swift in Sources */,
				83A2FD3427931ACC002E3F0B /* RepsData.swift in Sources */,
				83B7FC76278F72CF002CE83E /* SceneDelegate.swift in Sources */,
				83B7FCAD278FA63B002CE83E /* Constants.swift in Sources */,
				83579DE427951B71008666C2 /* VoterInfoViewController.swift in Sources */,
			);
			runOnlyForDeploymentPostprocessing = 0;
		};
		83B7FC82278F72D1002CE83E /* Sources */ = {
			isa = PBXSourcesBuildPhase;
			buildActionMask = 2147483647;
			files = (
				83B8D1842791D2AB00EE99E0 /* AddressData.swift in Sources */,
				83B7FC8B278F72D1002CE83E /* CivicTests.swift in Sources */,
			);
			runOnlyForDeploymentPostprocessing = 0;
		};
		83B7FC8C278F72D1002CE83E /* Sources */ = {
			isa = PBXSourcesBuildPhase;
			buildActionMask = 2147483647;
			files = (
				83B8D1852791D2AB00EE99E0 /* AddressData.swift in Sources */,
				83B7FC95278F72D1002CE83E /* CivicUITests.swift in Sources */,
				83B7FC97278F72D1002CE83E /* CivicUITestsLaunchTests.swift in Sources */,
			);
			runOnlyForDeploymentPostprocessing = 0;
		};
/* End PBXSourcesBuildPhase section */

/* Begin PBXTargetDependency section */
		83B7FC88278F72D1002CE83E /* PBXTargetDependency */ = {
			isa = PBXTargetDependency;
			target = 83B7FC6F278F72CF002CE83E /* Civic */;
			targetProxy = 83B7FC87278F72D1002CE83E /* PBXContainerItemProxy */;
		};
		83B7FC92278F72D1002CE83E /* PBXTargetDependency */ = {
			isa = PBXTargetDependency;
			target = 83B7FC6F278F72CF002CE83E /* Civic */;
			targetProxy = 83B7FC91278F72D1002CE83E /* PBXContainerItemProxy */;
		};
/* End PBXTargetDependency section */

/* Begin PBXVariantGroup section */
		83B7FC79278F72CF002CE83E /* Main.storyboard */ = {
			isa = PBXVariantGroup;
			children = (
				83B7FC7A278F72CF002CE83E /* Base */,
			);
			name = Main.storyboard;
			sourceTree = "<group>";
		};
		83B7FC7E278F72D0002CE83E /* LaunchScreen.storyboard */ = {
			isa = PBXVariantGroup;
			children = (
				83B7FC7F278F72D0002CE83E /* Base */,
			);
			name = LaunchScreen.storyboard;
			sourceTree = "<group>";
		};
/* End PBXVariantGroup section */

/* Begin XCBuildConfiguration section */
		83B7FC98278F72D1002CE83E /* Debug */ = {
			isa = XCBuildConfiguration;
			baseConfigurationReference = 83B7FCA4278FA1D1002CE83E /* Config.xcconfig */;
			buildSettings = {
				ALWAYS_SEARCH_USER_PATHS = NO;
				CLANG_ANALYZER_NONNULL = YES;
				CLANG_ANALYZER_NUMBER_OBJECT_CONVERSION = YES_AGGRESSIVE;
				CLANG_CXX_LANGUAGE_STANDARD = "gnu++17";
				CLANG_CXX_LIBRARY = "libc++";
				CLANG_ENABLE_MODULES = YES;
				CLANG_ENABLE_OBJC_ARC = YES;
				CLANG_ENABLE_OBJC_WEAK = YES;
				CLANG_WARN_BLOCK_CAPTURE_AUTORELEASING = YES;
				CLANG_WARN_BOOL_CONVERSION = YES;
				CLANG_WARN_COMMA = YES;
				CLANG_WARN_CONSTANT_CONVERSION = YES;
				CLANG_WARN_DEPRECATED_OBJC_IMPLEMENTATIONS = YES;
				CLANG_WARN_DIRECT_OBJC_ISA_USAGE = YES_ERROR;
				CLANG_WARN_DOCUMENTATION_COMMENTS = YES;
				CLANG_WARN_EMPTY_BODY = YES;
				CLANG_WARN_ENUM_CONVERSION = YES;
				CLANG_WARN_INFINITE_RECURSION = YES;
				CLANG_WARN_INT_CONVERSION = YES;
				CLANG_WARN_NON_LITERAL_NULL_CONVERSION = YES;
				CLANG_WARN_OBJC_IMPLICIT_RETAIN_SELF = YES;
				CLANG_WARN_OBJC_LITERAL_CONVERSION = YES;
				CLANG_WARN_OBJC_ROOT_CLASS = YES_ERROR;
				CLANG_WARN_QUOTED_INCLUDE_IN_FRAMEWORK_HEADER = YES;
				CLANG_WARN_RANGE_LOOP_ANALYSIS = YES;
				CLANG_WARN_STRICT_PROTOTYPES = YES;
				CLANG_WARN_SUSPICIOUS_MOVE = YES;
				CLANG_WARN_UNGUARDED_AVAILABILITY = YES_AGGRESSIVE;
				CLANG_WARN_UNREACHABLE_CODE = YES;
				CLANG_WARN__DUPLICATE_METHOD_MATCH = YES;
				COPY_PHASE_STRIP = NO;
				DEBUG_INFORMATION_FORMAT = dwarf;
				ENABLE_STRICT_OBJC_MSGSEND = YES;
				ENABLE_TESTABILITY = YES;
				GCC_C_LANGUAGE_STANDARD = gnu11;
				GCC_DYNAMIC_NO_PIC = NO;
				GCC_NO_COMMON_BLOCKS = YES;
				GCC_OPTIMIZATION_LEVEL = 0;
				GCC_PREPROCESSOR_DEFINITIONS = (
					"DEBUG=1",
					"$(inherited)",
				);
				GCC_WARN_64_TO_32_BIT_CONVERSION = YES;
				GCC_WARN_ABOUT_RETURN_TYPE = YES_ERROR;
				GCC_WARN_UNDECLARED_SELECTOR = YES;
				GCC_WARN_UNINITIALIZED_AUTOS = YES_AGGRESSIVE;
				GCC_WARN_UNUSED_FUNCTION = YES;
				GCC_WARN_UNUSED_VARIABLE = YES;
				INFOPLIST_KEY_CFBundleDisplayName = com.cmarshallmoriarty.civic;
				IPHONEOS_DEPLOYMENT_TARGET = 15.2;
				MTL_ENABLE_DEBUG_INFO = INCLUDE_SOURCE;
				MTL_FAST_MATH = YES;
				ONLY_ACTIVE_ARCH = YES;
				PRODUCT_BUNDLE_IDENTIFIER = com.cmarshallmoriarty.civic;
				SDKROOT = iphoneos;
				SWIFT_ACTIVE_COMPILATION_CONDITIONS = DEBUG;
				SWIFT_OPTIMIZATION_LEVEL = "-Onone";
			};
			name = Debug;
		};
		83B7FC99278F72D1002CE83E /* Release */ = {
			isa = XCBuildConfiguration;
			baseConfigurationReference = 83B7FCA4278FA1D1002CE83E /* Config.xcconfig */;
			buildSettings = {
				ALWAYS_SEARCH_USER_PATHS = NO;
				CLANG_ANALYZER_NONNULL = YES;
				CLANG_ANALYZER_NUMBER_OBJECT_CONVERSION = YES_AGGRESSIVE;
				CLANG_CXX_LANGUAGE_STANDARD = "gnu++17";
				CLANG_CXX_LIBRARY = "libc++";
				CLANG_ENABLE_MODULES = YES;
				CLANG_ENABLE_OBJC_ARC = YES;
				CLANG_ENABLE_OBJC_WEAK = YES;
				CLANG_WARN_BLOCK_CAPTURE_AUTORELEASING = YES;
				CLANG_WARN_BOOL_CONVERSION = YES;
				CLANG_WARN_COMMA = YES;
				CLANG_WARN_CONSTANT_CONVERSION = YES;
				CLANG_WARN_DEPRECATED_OBJC_IMPLEMENTATIONS = YES;
				CLANG_WARN_DIRECT_OBJC_ISA_USAGE = YES_ERROR;
				CLANG_WARN_DOCUMENTATION_COMMENTS = YES;
				CLANG_WARN_EMPTY_BODY = YES;
				CLANG_WARN_ENUM_CONVERSION = YES;
				CLANG_WARN_INFINITE_RECURSION = YES;
				CLANG_WARN_INT_CONVERSION = YES;
				CLANG_WARN_NON_LITERAL_NULL_CONVERSION = YES;
				CLANG_WARN_OBJC_IMPLICIT_RETAIN_SELF = YES;
				CLANG_WARN_OBJC_LITERAL_CONVERSION = YES;
				CLANG_WARN_OBJC_ROOT_CLASS = YES_ERROR;
				CLANG_WARN_QUOTED_INCLUDE_IN_FRAMEWORK_HEADER = YES;
				CLANG_WARN_RANGE_LOOP_ANALYSIS = YES;
				CLANG_WARN_STRICT_PROTOTYPES = YES;
				CLANG_WARN_SUSPICIOUS_MOVE = YES;
				CLANG_WARN_UNGUARDED_AVAILABILITY = YES_AGGRESSIVE;
				CLANG_WARN_UNREACHABLE_CODE = YES;
				CLANG_WARN__DUPLICATE_METHOD_MATCH = YES;
				COPY_PHASE_STRIP = NO;
				DEBUG_INFORMATION_FORMAT = "dwarf-with-dsym";
				ENABLE_NS_ASSERTIONS = NO;
				ENABLE_STRICT_OBJC_MSGSEND = YES;
				GCC_C_LANGUAGE_STANDARD = gnu11;
				GCC_NO_COMMON_BLOCKS = YES;
				GCC_WARN_64_TO_32_BIT_CONVERSION = YES;
				GCC_WARN_ABOUT_RETURN_TYPE = YES_ERROR;
				GCC_WARN_UNDECLARED_SELECTOR = YES;
				GCC_WARN_UNINITIALIZED_AUTOS = YES_AGGRESSIVE;
				GCC_WARN_UNUSED_FUNCTION = YES;
				GCC_WARN_UNUSED_VARIABLE = YES;
				INFOPLIST_KEY_CFBundleDisplayName = com.cmarshallmoriarty.civic;
				IPHONEOS_DEPLOYMENT_TARGET = 15.2;
				MTL_ENABLE_DEBUG_INFO = NO;
				MTL_FAST_MATH = YES;
				PRODUCT_BUNDLE_IDENTIFIER = com.cmarshallmoriarty.civic;
				SDKROOT = iphoneos;
				SWIFT_COMPILATION_MODE = wholemodule;
				SWIFT_OPTIMIZATION_LEVEL = "-O";
				VALIDATE_PRODUCT = YES;
			};
			name = Release;
		};
		83B7FC9B278F72D1002CE83E /* Debug */ = {
			isa = XCBuildConfiguration;
			baseConfigurationReference = E48E18F60AF3323B68E652F1 /* Pods-Civic.debug.xcconfig */;
			buildSettings = {
				ASSETCATALOG_COMPILER_APPICON_NAME = AppIcon;
				ASSETCATALOG_COMPILER_GLOBAL_ACCENT_COLOR_NAME = AccentColor;
				CODE_SIGN_STYLE = Automatic;
				CURRENT_PROJECT_VERSION = 1;
				DEVELOPMENT_TEAM = 7WFANUX65T;
				GENERATE_INFOPLIST_FILE = YES;
				INFOPLIST_FILE = Civic/Info.plist;
				INFOPLIST_KEY_CFBundleDisplayName = Civic;
				INFOPLIST_KEY_UIApplicationSupportsIndirectInputEvents = YES;
				INFOPLIST_KEY_UILaunchStoryboardName = LaunchScreen;
				INFOPLIST_KEY_UIMainStoryboardFile = Main;
				INFOPLIST_KEY_UISupportedInterfaceOrientations = UIInterfaceOrientationPortrait;
				INFOPLIST_KEY_UISupportedInterfaceOrientations_iPad = "UIInterfaceOrientationPortrait UIInterfaceOrientationPortraitUpsideDown UIInterfaceOrientationLandscapeLeft UIInterfaceOrientationLandscapeRight";
				INFOPLIST_KEY_UISupportedInterfaceOrientations_iPhone = "UIInterfaceOrientationPortrait UIInterfaceOrientationLandscapeLeft UIInterfaceOrientationLandscapeRight";
				LD_RUNPATH_SEARCH_PATHS = (
					"$(inherited)",
					"@executable_path/Frameworks",
				);
				MARKETING_VERSION = 1.0;
				PRODUCT_BUNDLE_IDENTIFIER = com.cmarshallmoriarty.Civic;
				PRODUCT_NAME = "$(TARGET_NAME)";
				SWIFT_EMIT_LOC_STRINGS = YES;
				SWIFT_VERSION = 5.0;
				TARGETED_DEVICE_FAMILY = "1,2";
			};
			name = Debug;
		};
		83B7FC9C278F72D1002CE83E /* Release */ = {
			isa = XCBuildConfiguration;
			baseConfigurationReference = 063E95E8DEF524856DC19368 /* Pods-Civic.release.xcconfig */;
			buildSettings = {
				ASSETCATALOG_COMPILER_APPICON_NAME = AppIcon;
				ASSETCATALOG_COMPILER_GLOBAL_ACCENT_COLOR_NAME = AccentColor;
				CODE_SIGN_STYLE = Automatic;
				CURRENT_PROJECT_VERSION = 1;
				DEVELOPMENT_TEAM = 7WFANUX65T;
				GENERATE_INFOPLIST_FILE = YES;
				INFOPLIST_FILE = Civic/Info.plist;
				INFOPLIST_KEY_CFBundleDisplayName = Civic;
				INFOPLIST_KEY_UIApplicationSupportsIndirectInputEvents = YES;
				INFOPLIST_KEY_UILaunchStoryboardName = LaunchScreen;
				INFOPLIST_KEY_UIMainStoryboardFile = Main;
				INFOPLIST_KEY_UISupportedInterfaceOrientations = UIInterfaceOrientationPortrait;
				INFOPLIST_KEY_UISupportedInterfaceOrientations_iPad = "UIInterfaceOrientationPortrait UIInterfaceOrientationPortraitUpsideDown UIInterfaceOrientationLandscapeLeft UIInterfaceOrientationLandscapeRight";
				INFOPLIST_KEY_UISupportedInterfaceOrientations_iPhone = "UIInterfaceOrientationPortrait UIInterfaceOrientationLandscapeLeft UIInterfaceOrientationLandscapeRight";
				LD_RUNPATH_SEARCH_PATHS = (
					"$(inherited)",
					"@executable_path/Frameworks",
				);
				MARKETING_VERSION = 1.0;
				PRODUCT_BUNDLE_IDENTIFIER = com.cmarshallmoriarty.Civic;
				PRODUCT_NAME = "$(TARGET_NAME)";
				SWIFT_EMIT_LOC_STRINGS = YES;
				SWIFT_VERSION = 5.0;
				TARGETED_DEVICE_FAMILY = "1,2";
			};
			name = Release;
		};
		83B7FC9E278F72D1002CE83E /* Debug */ = {
			isa = XCBuildConfiguration;
			buildSettings = {
				ALWAYS_EMBED_SWIFT_STANDARD_LIBRARIES = "$(inherited)";
				BUNDLE_LOADER = "$(TEST_HOST)";
				CODE_SIGN_STYLE = Automatic;
				CURRENT_PROJECT_VERSION = 1;
				DEVELOPMENT_TEAM = 7WFANUX65T;
				GENERATE_INFOPLIST_FILE = YES;
				IPHONEOS_DEPLOYMENT_TARGET = 15.2;
				MARKETING_VERSION = 1.0;
				PRODUCT_BUNDLE_IDENTIFIER = com.cmarshallmoriarty.Civic;
				PRODUCT_NAME = "$(TARGET_NAME)";
				SWIFT_EMIT_LOC_STRINGS = NO;
				SWIFT_VERSION = 4.2;
				TARGETED_DEVICE_FAMILY = "1,2";
				TEST_HOST = "$(BUILT_PRODUCTS_DIR)/Civic.app/Civic";
			};
			name = Debug;
		};
		83B7FC9F278F72D1002CE83E /* Release */ = {
			isa = XCBuildConfiguration;
			buildSettings = {
				ALWAYS_EMBED_SWIFT_STANDARD_LIBRARIES = "$(inherited)";
				BUNDLE_LOADER = "$(TEST_HOST)";
				CODE_SIGN_STYLE = Automatic;
				CURRENT_PROJECT_VERSION = 1;
				DEVELOPMENT_TEAM = 7WFANUX65T;
				GENERATE_INFOPLIST_FILE = YES;
				IPHONEOS_DEPLOYMENT_TARGET = 15.2;
				MARKETING_VERSION = 1.0;
				PRODUCT_BUNDLE_IDENTIFIER = com.cmarshallmoriarty.Civic;
				PRODUCT_NAME = "$(TARGET_NAME)";
				SWIFT_EMIT_LOC_STRINGS = NO;
				SWIFT_VERSION = 4.2;
				TARGETED_DEVICE_FAMILY = "1,2";
				TEST_HOST = "$(BUILT_PRODUCTS_DIR)/Civic.app/Civic";
			};
			name = Release;
		};
		83B7FCA1278F72D1002CE83E /* Debug */ = {
			isa = XCBuildConfiguration;
			buildSettings = {
				ALWAYS_EMBED_SWIFT_STANDARD_LIBRARIES = "$(inherited)";
				CODE_SIGN_STYLE = Automatic;
				CURRENT_PROJECT_VERSION = 1;
				DEVELOPMENT_TEAM = 7WFANUX65T;
				GENERATE_INFOPLIST_FILE = YES;
				MARKETING_VERSION = 1.0;
				PRODUCT_BUNDLE_IDENTIFIER = com.cmarshallmoriarty.civic;
				PRODUCT_NAME = "$(TARGET_NAME)";
				SWIFT_EMIT_LOC_STRINGS = NO;
				SWIFT_VERSION = 5.0;
				TARGETED_DEVICE_FAMILY = "1,2";
				TEST_TARGET_NAME = Civic;
			};
			name = Debug;
		};
		83B7FCA2278F72D1002CE83E /* Release */ = {
			isa = XCBuildConfiguration;
			buildSettings = {
				ALWAYS_EMBED_SWIFT_STANDARD_LIBRARIES = "$(inherited)";
				CODE_SIGN_STYLE = Automatic;
				CURRENT_PROJECT_VERSION = 1;
				DEVELOPMENT_TEAM = 7WFANUX65T;
				GENERATE_INFOPLIST_FILE = YES;
				MARKETING_VERSION = 1.0;
				PRODUCT_BUNDLE_IDENTIFIER = com.cmarshallmoriarty.civic;
				PRODUCT_NAME = "$(TARGET_NAME)";
				SWIFT_EMIT_LOC_STRINGS = NO;
				SWIFT_VERSION = 5.0;
				TARGETED_DEVICE_FAMILY = "1,2";
				TEST_TARGET_NAME = Civic;
			};
			name = Release;
		};
/* End XCBuildConfiguration section */

/* Begin XCConfigurationList section */
		83B7FC6B278F72CF002CE83E /* Build configuration list for PBXProject "Civic" */ = {
			isa = XCConfigurationList;
			buildConfigurations = (
				83B7FC98278F72D1002CE83E /* Debug */,
				83B7FC99278F72D1002CE83E /* Release */,
			);
			defaultConfigurationIsVisible = 0;
			defaultConfigurationName = Release;
		};
		83B7FC9A278F72D1002CE83E /* Build configuration list for PBXNativeTarget "Civic" */ = {
			isa = XCConfigurationList;
			buildConfigurations = (
				83B7FC9B278F72D1002CE83E /* Debug */,
				83B7FC9C278F72D1002CE83E /* Release */,
			);
			defaultConfigurationIsVisible = 0;
			defaultConfigurationName = Release;
		};
		83B7FC9D278F72D1002CE83E /* Build configuration list for PBXNativeTarget "CivicTests" */ = {
			isa = XCConfigurationList;
			buildConfigurations = (
				83B7FC9E278F72D1002CE83E /* Debug */,
				83B7FC9F278F72D1002CE83E /* Release */,
			);
			defaultConfigurationIsVisible = 0;
			defaultConfigurationName = Release;
		};
		83B7FCA0278F72D1002CE83E /* Build configuration list for PBXNativeTarget "CivicUITests" */ = {
			isa = XCConfigurationList;
			buildConfigurations = (
				83B7FCA1278F72D1002CE83E /* Debug */,
				83B7FCA2278F72D1002CE83E /* Release */,
			);
			defaultConfigurationIsVisible = 0;
			defaultConfigurationName = Release;
		};
/* End XCConfigurationList section */
	};
	rootObject = 83B7FC68278F72CF002CE83E /* Project object */;
}
